Microsoft Visual Studio Solution File, Format Version 11.00
# Visual Studio 2008

Project("{74B270D7-66CE-11E8-5062-C434B2C66159}") = "Project Boosters v0.4", "Assembly-CSharp-firstpass.csproj", "{B1327DC6-6946-E32C-D937-FCAAB247957B}"
EndProject
Project("{74B270D7-66CE-11E8-5062-C434B2C66159}") = "Project Boosters v0.4", "Assembly-CSharp.csproj", "{D6B35847-996F-86CF-985B-54797C733155}"
EndProject
Project("{74B270D7-66CE-11E8-5062-C434B2C66159}") = "Project Boosters v0.4", "Assembly-CSharp-Editor.csproj", "{7ABC0F6E-E0B6-A804-5E8B-4EA2F35DF5DA}"
EndProject
Global
	GlobalSection(SolutionConfigurationPlatforms) = preSolution
		Debug|Any CPU = Debug|Any CPU
		Release|Any CPU = Release|Any CPU
	EndGlobalSection
	GlobalSection(ProjectConfigurationPlatforms) = postSolution
		{B1327DC6-6946-E32C-D937-FCAAB247957B}.Debug|Any CPU.ActiveCfg = Debug|Any CPU
		{B1327DC6-6946-E32C-D937-FCAAB247957B}.Debug|Any CPU.Build.0 = Debug|Any CPU
		{B1327DC6-6946-E32C-D937-FCAAB247957B}.Release|Any CPU.ActiveCfg = Release|Any CPU
		{B1327DC6-6946-E32C-D937-FCAAB247957B}.Release|Any CPU.Build.0 = Release|Any CPU
		{D6B35847-996F-86CF-985B-54797C733155}.Debug|Any CPU.ActiveCfg = Debug|Any CPU
		{D6B35847-996F-86CF-985B-54797C733155}.Debug|Any CPU.Build.0 = Debug|Any CPU
		{D6B35847-996F-86CF-985B-54797C733155}.Release|Any CPU.ActiveCfg = Release|Any CPU
		{D6B35847-996F-86CF-985B-54797C733155}.Release|Any CPU.Build.0 = Release|Any CPU
		{7ABC0F6E-E0B6-A804-5E8B-4EA2F35DF5DA}.Debug|Any CPU.ActiveCfg = Debug|Any CPU
		{7ABC0F6E-E0B6-A804-5E8B-4EA2F35DF5DA}.Debug|Any CPU.Build.0 = Debug|Any CPU
		{7ABC0F6E-E0B6-A804-5E8B-4EA2F35DF5DA}.Release|Any CPU.ActiveCfg = Release|Any CPU
		{7ABC0F6E-E0B6-A804-5E8B-4EA2F35DF5DA}.Release|Any CPU.Build.0 = Release|Any CPU
	EndGlobalSection
	GlobalSection(SolutionProperties) = preSolution
		HideSolutionNode = FALSE
	EndGlobalSection
	GlobalSection(MonoDevelopProperties) = preSolution
		StartupItem = Assembly-CSharp.csproj
		Policies = $0
		$0.TextStylePolicy = $1
		$1.inheritsSet = null
		$1.scope = text/x-csharp
		$0.CSharpFormattingPolicy = $2
		$2.inheritsSet = Mono
		$2.inheritsScope = text/x-csharp
		$2.scope = text/x-csharp
		$0.TextStylePolicy = $3
		$3.FileWidth = 120
		$3.TabWidth = 4
		$3.IndentWidth = 4
		$3.EolMarker = Unix
		$3.inheritsSet = Mono
		$3.inheritsScope = text/plain
		$3.scope = text/plain
	EndGlobalSection
EndGlobal
